
Microsoft Visual Studio Solution File, Format Version 12.00
# Visual Studio Version 17
VisualStudioVersion = 17.0.31903.59
MinimumVisualStudioVersion = 10.0.40219.1
Project("{9A19103F-16F7-4668-BE54-9A1E7A4F7556}") = "BlazorTodoSmart6.Client", "BlazorTodoSmart6\Client\BlazorTodoSmart6.Client.csproj", "{524C8B5A-0850-4FC4-B7DC-FF46498D0188}"
EndProject
Project("{2150E333-8FDC-42A3-9474-1A3956D46DE8}") = "Client.Models", "Client.Models", "{CD109EE4-D7C1-4B03-AE85-9E74F206F63C}"
EndProject
Project("{9A19103F-16F7-4668-BE54-9A1E7A4F7556}") = "BlazorTodoSmart.Models", "BlazorTodoSmart.Models\BlazorTodoSmart.Models.csproj", "{91C9AE6F-15DF-4C44-9541-E76C9D4626AF}"
EndProject
Project("{2150E333-8FDC-42A3-9474-1A3956D46DE8}") = "Client.Service", "Client.Service", "{811392C2-7A56-4264-912D-F4BDF3585A1E}"
EndProject
Project("{9A19103F-16F7-4668-BE54-9A1E7A4F7556}") = "BlazorTodoSmart.Service", "BlazorTodoSmart.Service\BlazorTodoSmart.Service.csproj", "{28DCE718-2A26-4265-8569-C1A61256864D}"
EndProject
Project("{9A19103F-16F7-4668-BE54-9A1E7A4F7556}") = "BlazorTodoSmart.Service.Interface", "BlazorTodoSmart.Service.Interface\BlazorTodoSmart.Service.Interface.csproj", "{6F46429A-1824-4457-B84A-FAE5C3828D99}"
EndProject
Project("{9A19103F-16F7-4668-BE54-9A1E7A4F7556}") = "Client.CommonService", "Client.CommonService\Client.CommonService.csproj", "{E5F38E1B-93C1-46B7-9377-867AE1FB840C}"
EndProject
Project("{9A19103F-16F7-4668-BE54-9A1E7A4F7556}") = "Client.CommonService.Interface", "Client.CommonService.Interface\Client.CommonService.Interface.csproj", "{B401FA80-9231-47B8-BA1A-67E8652B4FF3}"
EndProject
Project("{9A19103F-16F7-4668-BE54-9A1E7A4F7556}") = "Client.CommonService.IndexedDB", "Client.CommonService.IndexedDB\Client.CommonService.IndexedDB.csproj", "{712B53B0-B496-4E8D-9A0A-A6D6E6A6543D}"
EndProject
Project("{2150E333-8FDC-42A3-9474-1A3956D46DE8}") = "Client.MVVM", "Client.MVVM", "{F6F5E0FC-926C-4CCA-8827-42B37F216E7F}"
EndProject
Project("{9A19103F-16F7-4668-BE54-9A1E7A4F7556}") = "BlazorTodoSmart.MVVM.Interface", "BlazorTodoSmart.MVVM.Interface\BlazorTodoSmart.MVVM.Interface.csproj", "{ED071470-8590-4436-9E88-1EEDDB5D61FE}"
EndProject
Project("{9A19103F-16F7-4668-BE54-9A1E7A4F7556}") = "BlazorTodoSmart.MVVM", "BlazorTodoSmart.MVVM\BlazorTodoSmart.MVVM.csproj", "{354F92D6-7322-49B8-A3A9-FB740710CFAD}"
EndProject
Project("{9A19103F-16F7-4668-BE54-9A1E7A4F7556}") = "Client.MVVM.Common", "Client.MVVM.Common\Client.MVVM.Common.csproj", "{3AB8C7C0-BDBD-41F8-8CEF-0819BF2FCB59}"
EndProject
Project("{9A19103F-16F7-4668-BE54-9A1E7A4F7556}") = "Client.MVVM.CommonInterface", "Client.MVVM.CommonInterface\Client.MVVM.CommonInterface.csproj", "{D316A63C-4414-423E-9F9C-7DC5F1B60794}"
EndProject
Project("{2150E333-8FDC-42A3-9474-1A3956D46DE8}") = "Client.UI", "Client.UI", "{2C138EAC-50DA-41EC-B67D-39B1003BF4F8}"
EndProject
Project("{9A19103F-16F7-4668-BE54-9A1E7A4F7556}") = "Common.Client.UI", "Common.Client.UI\Common.Client.UI.csproj", "{B6E09917-BA1F-46D5-92F8-33E4FDB96564}"
EndProject
Project("{9A19103F-16F7-4668-BE54-9A1E7A4F7556}") = "BlazorTodoSmart.UI", "BlazorTodoSmart.UI\BlazorTodoSmart.UI.csproj", "{44070008-091A-4085-B6D9-806EE61F3E74}"
EndProject
Global
	GlobalSection(SolutionConfigurationPlatforms) = preSolution
		Debug|Any CPU = Debug|Any CPU
		Release|Any CPU = Release|Any CPU
	EndGlobalSection
	GlobalSection(ProjectConfigurationPlatforms) = postSolution
		{524C8B5A-0850-4FC4-B7DC-FF46498D0188}.Debug|Any CPU.ActiveCfg = Debug|Any CPU
		{524C8B5A-0850-4FC4-B7DC-FF46498D0188}.Debug|Any CPU.Build.0 = Debug|Any CPU
		{524C8B5A-0850-4FC4-B7DC-FF46498D0188}.Release|Any CPU.ActiveCfg = Release|Any CPU
		{524C8B5A-0850-4FC4-B7DC-FF46498D0188}.Release|Any CPU.Build.0 = Release|Any CPU
		{91C9AE6F-15DF-4C44-9541-E76C9D4626AF}.Debug|Any CPU.ActiveCfg = Debug|Any CPU
		{91C9AE6F-15DF-4C44-9541-E76C9D4626AF}.Debug|Any CPU.Build.0 = Debug|Any CPU
		{91C9AE6F-15DF-4C44-9541-E76C9D4626AF}.Release|Any CPU.ActiveCfg = Release|Any CPU
		{91C9AE6F-15DF-4C44-9541-E76C9D4626AF}.Release|Any CPU.Build.0 = Release|Any CPU
		{28DCE718-2A26-4265-8569-C1A61256864D}.Debug|Any CPU.ActiveCfg = Debug|Any CPU
		{28DCE718-2A26-4265-8569-C1A61256864D}.Debug|Any CPU.Build.0 = Debug|Any CPU
		{28DCE718-2A26-4265-8569-C1A61256864D}.Release|Any CPU.ActiveCfg = Release|Any CPU
		{28DCE718-2A26-4265-8569-C1A61256864D}.Release|Any CPU.Build.0 = Release|Any CPU
		{6F46429A-1824-4457-B84A-FAE5C3828D99}.Debug|Any CPU.ActiveCfg = Debug|Any CPU
		{6F46429A-1824-4457-B84A-FAE5C3828D99}.Debug|Any CPU.Build.0 = Debug|Any CPU
		{6F46429A-1824-4457-B84A-FAE5C3828D99}.Release|Any CPU.ActiveCfg = Release|Any CPU
		{6F46429A-1824-4457-B84A-FAE5C3828D99}.Release|Any CPU.Build.0 = Release|Any CPU
		{E5F38E1B-93C1-46B7-9377-867AE1FB840C}.Debug|Any CPU.ActiveCfg = Debug|Any CPU
		{E5F38E1B-93C1-46B7-9377-867AE1FB840C}.Debug|Any CPU.Build.0 = Debug|Any CPU
		{E5F38E1B-93C1-46B7-9377-867AE1FB840C}.Release|Any CPU.ActiveCfg = Release|Any CPU
		{E5F38E1B-93C1-46B7-9377-867AE1FB840C}.Release|Any CPU.Build.0 = Release|Any CPU
		{B401FA80-9231-47B8-BA1A-67E8652B4FF3}.Debug|Any CPU.ActiveCfg = Debug|Any CPU
		{B401FA80-9231-47B8-BA1A-67E8652B4FF3}.Debug|Any CPU.Build.0 = Debug|Any CPU
		{B401FA80-9231-47B8-BA1A-67E8652B4FF3}.Release|Any CPU.ActiveCfg = Release|Any CPU
		{B401FA80-9231-47B8-BA1A-67E8652B4FF3}.Release|Any CPU.Build.0 = Release|Any CPU
		{712B53B0-B496-4E8D-9A0A-A6D6E6A6543D}.Debug|Any CPU.ActiveCfg = Debug|Any CPU
		{712B53B0-B496-4E8D-9A0A-A6D6E6A6543D}.Debug|Any CPU.Build.0 = Debug|Any CPU
		{712B53B0-B496-4E8D-9A0A-A6D6E6A6543D}.Release|Any CPU.ActiveCfg = Release|Any CPU
		{712B53B0-B496-4E8D-9A0A-A6D6E6A6543D}.Release|Any CPU.Build.0 = Release|Any CPU
		{ED071470-8590-4436-9E88-1EEDDB5D61FE}.Debug|Any CPU.ActiveCfg = Debug|Any CPU
		{ED071470-8590-4436-9E88-1EEDDB5D61FE}.Debug|Any CPU.Build.0 = Debug|Any CPU
		{ED071470-8590-4436-9E88-1EEDDB5D61FE}.Release|Any CPU.ActiveCfg = Release|Any CPU
		{ED071470-8590-4436-9E88-1EEDDB5D61FE}.Release|Any CPU.Build.0 = Release|Any CPU
		{354F92D6-7322-49B8-A3A9-FB740710CFAD}.Debug|Any CPU.ActiveCfg = Debug|Any CPU
		{354F92D6-7322-49B8-A3A9-FB740710CFAD}.Debug|Any CPU.Build.0 = Debug|Any CPU
		{354F92D6-7322-49B8-A3A9-FB740710CFAD}.Release|Any CPU.ActiveCfg = Release|Any CPU
		{354F92D6-7322-49B8-A3A9-FB740710CFAD}.Release|Any CPU.Build.0 = Release|Any CPU
		{3AB8C7C0-BDBD-41F8-8CEF-0819BF2FCB59}.Debug|Any CPU.ActiveCfg = Debug|Any CPU
		{3AB8C7C0-BDBD-41F8-8CEF-0819BF2FCB59}.Debug|Any CPU.Build.0 = Debug|Any CPU
		{3AB8C7C0-BDBD-41F8-8CEF-0819BF2FCB59}.Release|Any CPU.ActiveCfg = Release|Any CPU
		{3AB8C7C0-BDBD-41F8-8CEF-0819BF2FCB59}.Release|Any CPU.Build.0 = Release|Any CPU
		{D316A63C-4414-423E-9F9C-7DC5F1B60794}.Debug|Any CPU.ActiveCfg = Debug|Any CPU
		{D316A63C-4414-423E-9F9C-7DC5F1B60794}.Debug|Any CPU.Build.0 = Debug|Any CPU
		{D316A63C-4414-423E-9F9C-7DC5F1B60794}.Release|Any CPU.ActiveCfg = Release|Any CPU
		{D316A63C-4414-423E-9F9C-7DC5F1B60794}.Release|Any CPU.Build.0 = Release|Any CPU
		{B6E09917-BA1F-46D5-92F8-33E4FDB96564}.Debug|Any CPU.ActiveCfg = Debug|Any CPU
		{B6E09917-BA1F-46D5-92F8-33E4FDB96564}.Debug|Any CPU.Build.0 = Debug|Any CPU
		{B6E09917-BA1F-46D5-92F8-33E4FDB96564}.Release|Any CPU.ActiveCfg = Release|Any CPU
		{B6E09917-BA1F-46D5-92F8-33E4FDB96564}.Release|Any CPU.Build.0 = Release|Any CPU
		{44070008-091A-4085-B6D9-806EE61F3E74}.Debug|Any CPU.ActiveCfg = Debug|Any CPU
		{44070008-091A-4085-B6D9-806EE61F3E74}.Debug|Any CPU.Build.0 = Debug|Any CPU
		{44070008-091A-4085-B6D9-806EE61F3E74}.Release|Any CPU.ActiveCfg = Release|Any CPU
		{44070008-091A-4085-B6D9-806EE61F3E74}.Release|Any CPU.Build.0 = Release|Any CPU
	EndGlobalSection
	GlobalSection(SolutionProperties) = preSolution
		HideSolutionNode = FALSE
	EndGlobalSection
	GlobalSection(NestedProjects) = preSolution
		{91C9AE6F-15DF-4C44-9541-E76C9D4626AF} = {CD109EE4-D7C1-4B03-AE85-9E74F206F63C}
		{28DCE718-2A26-4265-8569-C1A61256864D} = {811392C2-7A56-4264-912D-F4BDF3585A1E}
		{6F46429A-1824-4457-B84A-FAE5C3828D99} = {811392C2-7A56-4264-912D-F4BDF3585A1E}
		{E5F38E1B-93C1-46B7-9377-867AE1FB840C} = {811392C2-7A56-4264-912D-F4BDF3585A1E}
		{B401FA80-9231-47B8-BA1A-67E8652B4FF3} = {811392C2-7A56-4264-912D-F4BDF3585A1E}
		{712B53B0-B496-4E8D-9A0A-A6D6E6A6543D} = {811392C2-7A56-4264-912D-F4BDF3585A1E}
		{ED071470-8590-4436-9E88-1EEDDB5D61FE} = {F6F5E0FC-926C-4CCA-8827-42B37F216E7F}
		{354F92D6-7322-49B8-A3A9-FB740710CFAD} = {F6F5E0FC-926C-4CCA-8827-42B37F216E7F}
		{3AB8C7C0-BDBD-41F8-8CEF-0819BF2FCB59} = {F6F5E0FC-926C-4CCA-8827-42B37F216E7F}
		{D316A63C-4414-423E-9F9C-7DC5F1B60794} = {F6F5E0FC-926C-4CCA-8827-42B37F216E7F}
		{B6E09917-BA1F-46D5-92F8-33E4FDB96564} = {2C138EAC-50DA-41EC-B67D-39B1003BF4F8}
		{44070008-091A-4085-B6D9-806EE61F3E74} = {2C138EAC-50DA-41EC-B67D-39B1003BF4F8}
	EndGlobalSection
	GlobalSection(ExtensibilityGlobals) = postSolution
		SolutionGuid = {93611E95-F18D-4D1C-9681-0DB10AC184D2}
	EndGlobalSection
EndGlobal
